
Microsoft Visual Studio Solution File, Format Version 12.00
# Visual Studio Version 16
VisualStudioVersion = 16.0.32106.194
MinimumVisualStudioVersion = 10.0.40219.1
Project("{9A19103F-16F7-4668-BE54-9A1E7A4F7556}") = "MyFitTimer", "MyFitTimer.csproj", "{EE423986-B119-4480-95AA-DF1AC9A361CA}"
EndProject
Project("{FAE04EC0-301F-11D3-BF4B-00C04F79EFBC}") = "StopwatchTracker.Test", "..\StopwatchTracker.Test\StopwatchTracker.Test.csproj", "{E0E7BDC5-8ABD-431C-A81C-3F0C8CF02027}"
EndProject
Global
	GlobalSection(SolutionConfigurationPlatforms) = preSolution
		Debug|Any CPU = Debug|Any CPU
		Release|Any CPU = Release|Any CPU
	EndGlobalSection
	GlobalSection(ProjectConfigurationPlatforms) = postSolution
		{EE423986-B119-4480-95AA-DF1AC9A361CA}.Debug|Any CPU.ActiveCfg = Debug|Any CPU
		{EE423986-B119-4480-95AA-DF1AC9A361CA}.Debug|Any CPU.Build.0 = Debug|Any CPU
		{EE423986-B119-4480-95AA-DF1AC9A361CA}.Release|Any CPU.ActiveCfg = Release|Any CPU
		{EE423986-B119-4480-95AA-DF1AC9A361CA}.Release|Any CPU.Build.0 = Release|Any CPU
		{E0E7BDC5-8ABD-431C-A81C-3F0C8CF02027}.Debug|Any CPU.ActiveCfg = Debug|Any CPU
		{E0E7BDC5-8ABD-431C-A81C-3F0C8CF02027}.Debug|Any CPU.Build.0 = Debug|Any CPU
		{E0E7BDC5-8ABD-431C-A81C-3F0C8CF02027}.Release|Any CPU.ActiveCfg = Release|Any CPU
		{E0E7BDC5-8ABD-431C-A81C-3F0C8CF02027}.Release|Any CPU.Build.0 = Release|Any CPU
	EndGlobalSection
	GlobalSection(SolutionProperties) = preSolution
		HideSolutionNode = FALSE
	EndGlobalSection
	GlobalSection(ExtensibilityGlobals) = postSolution
		SolutionGuid = {28AD3D07-A3DA-45A2-B31A-CBEB3181657E}
	EndGlobalSection
EndGlobal
